{
  "name": "node_native",
  "version": "1.0.0",
  "lockfileVersion": 1,
  "dependencies": {
    "node-addon-api": {
      "version": "0.3.4",
      "resolved": "https://registry.npmjs.org/node-addon-api/-/node-addon-api-0.3.4.tgz",
      "integrity": "sha512-gZ7oL1NuwRwq01zde4MeRjSGMvxU2TsJ0l6anf2yHMoSc3b43wBaSzGpme/Jbul+CAmQONIIrONVp0cpaJCarg=="
    }
  }
}
